// !$*UTF8*$!
{
	archiveVersion = 1;
	classes = {
	};
	objectVersion = 46;
	objects = {

/* Begin PBXBuildFile section */
		AB4C9607158D4E7F008B518D /* UIKit.framework in Frameworks */ = {isa = PBXBuildFile; fileRef = AB4C9606158D4E7F008B518D /* UIKit.framework */; };
		AB4C9609158D4E7F008B518D /* Foundation.framework in Frameworks */ = {isa = PBXBuildFile; fileRef = AB4C9608158D4E7F008B518D /* Foundation.framework */; };
		AB4C960B158D4E7F008B518D /* CoreGraphics.framework in Frameworks */ = {isa = PBXBuildFile; fileRef = AB4C960A158D4E7F008B518D /* CoreGraphics.framework */; };
		AB4C9611158D4E80008B518D /* InfoPlist.strings in Resources */ = {isa = PBXBuildFile; fileRef = AB4C960F158D4E80008B518D /* InfoPlist.strings */; };
		AB4C9613158D4E80008B518D /* main.m in Sources */ = {isa = PBXBuildFile; fileRef = AB4C9612158D4E80008B518D /* main.m */; };
		AB4C9617158D4E81008B518D /* Jun21AppDelegate.m in Sources */ = {isa = PBXBuildFile; fileRef = AB4C9616158D4E81008B518D /* Jun21AppDelegate.m */; };
		ABD2FBC515902F4800852484 /* View.m in Sources */ = {isa = PBXBuildFile; fileRef = ABD2FBC415902F4800852484 /* View.m */; };
/* End PBXBuildFile section */

/* Begin PBXFileReference section */
		AB4C9602158D4E7E008B518D /* Jun21.app */ = {isa = PBXFileReference; explicitFileType = wrapper.application; includeInIndex = 0; path = Jun21.app; sourceTree = BUILT_PRODUCTS_DIR; };
		AB4C9606158D4E7F008B518D /* UIKit.framework */ = {isa = PBXFileReference; lastKnownFileType = wrapper.framework; name = UIKit.framework; path = System/Library/Frameworks/UIKit.framework; sourceTree = SDKROOT; };
		AB4C9608158D4E7F008B518D /* Foundation.framework */ = {isa = PBXFileReference; lastKnownFileType = wrapper.framework; name = Foundation.framework; path = System/Library/Frameworks/Foundation.framework; sourceTree = SDKROOT; };
		AB4C960A158D4E7F008B518D /* CoreGraphics.framework */ = {isa = PBXFileReference; lastKnownFileType = wrapper.framework; name = CoreGraphics.framework; path = System/Library/Frameworks/CoreGraphics.framework; sourceTree = SDKROOT; };
		AB4C960E158D4E80008B518D /* Jun21-Info.plist */ = {isa = PBXFileReference; lastKnownFileType = text.plist.xml; path = "Jun21-Info.plist"; sourceTree = "<group>"; };
		AB4C9610158D4E80008B518D /* en */ = {isa = PBXFileReference; lastKnownFileType = text.plist.strings; name = en; path = en.lproj/InfoPlist.strings; sourceTree = "<group>"; };
		AB4C9612158D4E80008B518D /* main.m */ = {isa = PBXFileReference; lastKnownFileType = sourcecode.c.objc; path = main.m; sourceTree = "<group>"; };
		AB4C9614158D4E80008B518D /* Jun21-Prefix.pch */ = {isa = PBXFileReference; lastKnownFileType = sourcecode.c.h; path = "Jun21-Prefix.pch"; sourceTree = "<group>"; };
		AB4C9615158D4E81008B518D /* Jun21AppDelegate.h */ = {isa = PBXFileReference; lastKnownFileType = sourcecode.c.h; path = Jun21AppDelegate.h; sourceTree = "<group>"; };
		AB4C9616158D4E81008B518D /* Jun21AppDelegate.m */ = {isa = PBXFileReference; lastKnownFileType = sourcecode.c.objc; path = Jun21AppDelegate.m; sourceTree = "<group>"; };
		ABD2FBC315902F4800852484 /* View.h */ = {isa = PBXFileReference; fileEncoding = 4; lastKnownFileType = sourcecode.c.h; path = View.h; sourceTree = "<group>"; };
		ABD2FBC415902F4800852484 /* View.m */ = {isa = PBXFileReference; fileEncoding = 4; lastKnownFileType = sourcecode.c.objc; path = View.m; sourceTree = "<group>"; };
/* End PBXFileReference section */

/* Begin PBXFrameworksBuildPhase section */
		AB4C95FF158D4E7E008B518D /* Frameworks */ = {
			isa = PBXFrameworksBuildPhase;
			buildActionMask = 2147483647;
			files = (
				AB4C9607158D4E7F008B518D /* UIKit.framework in Frameworks */,
				AB4C9609158D4E7F008B518D /* Foundation.framework in Frameworks */,
				AB4C960B158D4E7F008B518D /* CoreGraphics.framework in Frameworks */,
			);
			runOnlyForDeploymentPostprocessing = 0;
		};
/* End PBXFrameworksBuildPhase section */

/* Begin PBXGroup section */
		AB4C95F7158D4E7B008B518D = {
			isa = PBXGroup;
			children = (
				AB4C960C158D4E7F008B518D /* Jun21 */,
				AB4C9605158D4E7F008B518D /* Frameworks */,
				AB4C9603158D4E7E008B518D /* Products */,
			);
			sourceTree = "<group>";
		};
		AB4C9603158D4E7E008B518D /* Products */ = {
			isa = PBXGroup;
			children = (
				AB4C9602158D4E7E008B518D /* Jun21.app */,
			);
			name = Products;
			sourceTree = "<group>";
		};
		AB4C9605158D4E7F008B518D /* Frameworks */ = {
			isa = PBXGroup;
			children = (
				AB4C9606158D4E7F008B518D /* UIKit.framework */,
				AB4C9608158D4E7F008B518D /* Foundation.framework */,
				AB4C960A158D4E7F008B518D /* CoreGraphics.framework */,
			);
			name = Frameworks;
			sourceTree = "<group>";
		};
		AB4C960C158D4E7F008B518D /* Jun21 */ = {
			isa = PBXGroup;
			children = (
				AB4C9615158D4E81008B518D /* Jun21AppDelegate.h */,
				AB4C9616158D4E81008B518D /* Jun21AppDelegate.m */,
				AB4C960D158D4E80008B518D /* Supporting Files */,
				ABD2FBC315902F4800852484 /* View.h */,
				ABD2FBC415902F4800852484 /* View.m */,
			);
			path = Jun21;
			sourceTree = "<group>";
		};
		AB4C960D158D4E80008B518D /* Supporting Files */ = {
			isa = PBXGroup;
			children = (
				AB4C960E158D4E80008B518D /* Jun21-Info.plist */,
				AB4C960F158D4E80008B518D /* InfoPlist.strings */,
				AB4C9612158D4E80008B518D /* main.m */,
				AB4C9614158D4E80008B518D /* Jun21-Prefix.pch */,
			);
			name = "Supporting Files";
			sourceTree = "<group>";
		};
/* End PBXGroup section */

/* Begin PBXNativeTarget section */
		AB4C9601158D4E7E008B518D /* Jun21 */ = {
			isa = PBXNativeTarget;
			buildConfigurationList = AB4C961A158D4E81008B518D /* Build configuration list for PBXNativeTarget "Jun21" */;
			buildPhases = (
				AB4C95FE158D4E7E008B518D /* Sources */,
				AB4C95FF158D4E7E008B518D /* Frameworks */,
				AB4C9600158D4E7E008B518D /* Resources */,
			);
			buildRules = (
			);
			dependencies = (
			);
			name = Jun21;
			productName = Jun21;
			productReference = AB4C9602158D4E7E008B518D /* Jun21.app */;
			productType = "com.apple.product-type.application";
		};
/* End PBXNativeTarget section */

/* Begin PBXProject section */
		AB4C95F9158D4E7B008B518D /* Project object */ = {
			isa = PBXProject;
			attributes = {
				LastUpgradeCheck = 0420;
				ORGANIZATIONNAME = "Goldman Sachs";
			};
			buildConfigurationList = AB4C95FC158D4E7C008B518D /* Build configuration list for PBXProject "Jun21" */;
			compatibilityVersion = "Xcode 3.2";
			developmentRegion = English;
			hasScannedForEncodings = 0;
			knownRegions = (
				en,
			);
			mainGroup = AB4C95F7158D4E7B008B518D;
			productRefGroup = AB4C9603158D4E7E008B518D /* Products */;
			projectDirPath = "";
			projectRoot = "";
			targets = (
				AB4C9601158D4E7E008B518D /* Jun21 */,
			);
		};
/* End PBXProject section */

/* Begin PBXResourcesBuildPhase section */
		AB4C9600158D4E7E008B518D /* Resources */ = {
			isa = PBXResourcesBuildPhase;
			buildActionMask = 2147483647;
			files = (
				AB4C9611158D4E80008B518D /* InfoPlist.strings in Resources */,
			);
			runOnlyForDeploymentPostprocessing = 0;
		};
/* End PBXResourcesBuildPhase section */

/* Begin PBXSourcesBuildPhase section */
		AB4C95FE158D4E7E008B518D /* Sources */ = {
			isa = PBXSourcesBuildPhase;
			buildActionMask = 2147483647;
			files = (
				AB4C9613158D4E80008B518D /* main.m in Sources */,
				AB4C9617158D4E81008B518D /* Jun21AppDelegate.m in Sources */,
				ABD2FBC515902F4800852484 /* View.m in Sources */,
			);
			runOnlyForDeploymentPostprocessing = 0;
		};
/* End PBXSourcesBuildPhase section */

/* Begin PBXVariantGroup section */
		AB4C960F158D4E80008B518D /* InfoPlist.strings */ = {
			isa = PBXVariantGroup;
			children = (
				AB4C9610158D4E80008B518D /* en */,
			);
			name = InfoPlist.strings;
			sourceTree = "<group>";
		};
/* End PBXVariantGroup section */

/* Begin XCBuildConfiguration section */
		AB4C9618158D4E81008B518D /* Debug */ = {
			isa = XCBuildConfiguration;
			buildSettings = {
				ALWAYS_SEARCH_USER_PATHS = NO;
				ARCHS = "$(ARCHS_STANDARD_32_BIT)";
				CLANG_ENABLE_OBJC_ARC = YES;
				"CODE_SIGN_IDENTITY[sdk=iphoneos*]" = "iPhone Developer";
				COPY_PHASE_STRIP = NO;
				GCC_C_LANGUAGE_STANDARD = gnu99;
				GCC_DYNAMIC_NO_PIC = NO;
				GCC_OPTIMIZATION_LEVEL = 0;
				GCC_PREPROCESSOR_DEFINITIONS = (
					"DEBUG=1",
					"$(inherited)",
				);
				GCC_SYMBOLS_PRIVATE_EXTERN = NO;
				GCC_VERSION = com.apple.compilers.llvm.clang.1_0;
				GCC_WARN_ABOUT_MISSING_PROTOTYPES = YES;
				GCC_WARN_ABOUT_RETURN_TYPE = YES;
				GCC_WARN_UNUSED_VARIABLE = YES;
				IPHONEOS_DEPLOYMENT_TARGET = 5.0;
				SDKROOT = iphoneos;
			};
			name = Debug;
		};
		AB4C9619158D4E81008B518D /* Release */ = {
			isa = XCBuildConfiguration;
			buildSettings = {
				ALWAYS_SEARCH_USER_PATHS = NO;
				ARCHS = "$(ARCHS_STANDARD_32_BIT)";
				CLANG_ENABLE_OBJC_ARC = YES;
				"CODE_SIGN_IDENTITY[sdk=iphoneos*]" = "iPhone Developer";
				COPY_PHASE_STRIP = YES;
				GCC_C_LANGUAGE_STANDARD = gnu99;
				GCC_VERSION = com.apple.compilers.llvm.clang.1_0;
				GCC_WARN_ABOUT_MISSING_PROTOTYPES = YES;
				GCC_WARN_ABOUT_RETURN_TYPE = YES;
				GCC_WARN_UNUSED_VARIABLE = YES;
				IPHONEOS_DEPLOYMENT_TARGET = 5.0;
				OTHER_CFLAGS = "-DNS_BLOCK_ASSERTIONS=1";
				SDKROOT = iphoneos;
				VALIDATE_PRODUCT = YES;
			};
			name = Release;
		};
		AB4C961B158D4E81008B518D /* Debug */ = {
			isa = XCBuildConfiguration;
			buildSettings = {
				GCC_PRECOMPILE_PREFIX_HEADER = YES;
				GCC_PREFIX_HEADER = "Jun21/Jun21-Prefix.pch";
				INFOPLIST_FILE = "Jun21/Jun21-Info.plist";
				PRODUCT_NAME = "$(TARGET_NAME)";
				WRAPPER_EXTENSION = app;
			};
			name = Debug;
		};
		AB4C961C158D4E81008B518D /* Release */ = {
			isa = XCBuildConfiguration;
			buildSettings = {
				GCC_PRECOMPILE_PREFIX_HEADER = YES;
				GCC_PREFIX_HEADER = "Jun21/Jun21-Prefix.pch";
				INFOPLIST_FILE = "Jun21/Jun21-Info.plist";
				PRODUCT_NAME = "$(TARGET_NAME)";
				WRAPPER_EXTENSION = app;
			};
			name = Release;
		};
/* End XCBuildConfiguration section */

/* Begin XCConfigurationList section */
		AB4C95FC158D4E7C008B518D /* Build configuration list for PBXProject "Jun21" */ = {
			isa = XCConfigurationList;
			buildConfigurations = (
				AB4C9618158D4E81008B518D /* Debug */,
				AB4C9619158D4E81008B518D /* Release */,
			);
			defaultConfigurationIsVisible = 0;
			defaultConfigurationName = Release;
		};
		AB4C961A158D4E81008B518D /* Build configuration list for PBXNativeTarget "Jun21" */ = {
			isa = XCConfigurationList;
			buildConfigurations = (
				AB4C961B158D4E81008B518D /* Debug */,
				AB4C961C158D4E81008B518D /* Release */,
			);
			defaultConfigurationIsVisible = 0;
			defaultConfigurationName = Release;
		};
/* End XCConfigurationList section */
	};
	rootObject = AB4C95F9158D4E7B008B518D /* Project object */;
}
